
Microsoft Visual Studio Solution File, Format Version 12.00
# Visual Studio Version 17
VisualStudioVersion = 17.9.34701.34
MinimumVisualStudioVersion = 10.0.40219.1
Project("{FAE04EC0-301F-11D3-BF4B-00C04F79EFBC}") = "ethwweb3", "ethwweb3.csproj", "{DEFDCD82-EF86-4BF5-A66D-718D72E6D861}"
EndProject
Global
	GlobalSection(SolutionConfigurationPlatforms) = preSolution
		Debug|Any CPU = Debug|Any CPU
		Release|Any CPU = Release|Any CPU
	EndGlobalSection
	GlobalSection(ProjectConfigurationPlatforms) = postSolution
		{DEFDCD82-EF86-4BF5-A66D-718D72E6D861}.Debug|Any CPU.ActiveCfg = Debug|Any CPU
		{DEFDCD82-EF86-4BF5-A66D-718D72E6D861}.Debug|Any CPU.Build.0 = Debug|Any CPU
		{DEFDCD82-EF86-4BF5-A66D-718D72E6D861}.Release|Any CPU.ActiveCfg = Release|Any CPU
		{DEFDCD82-EF86-4BF5-A66D-718D72E6D861}.Release|Any CPU.Build.0 = Release|Any CPU
	EndGlobalSection
	GlobalSection(SolutionProperties) = preSolution
		HideSolutionNode = FALSE
	EndGlobalSection
	GlobalSection(ExtensibilityGlobals) = postSolution
		SolutionGuid = {74343413-38AE-4F6E-8076-9E2E74189D90}
	EndGlobalSection
EndGlobal
